Microsoft Visual Studio Solution File, Format Version 12.00
# Visual Studio Version 16
VisualStudioVersion = 16.0.0.0
MinimumVisualStudioVersion = 16.0.0.0
Project("{9A19103F-16F7-4668-BE54-9A1E7A4F7556}") = "GenenticAlgorithmBlazor.Server", "Server\GenenticAlgorithmBlazor.Server.csproj", "{D88CA360-430F-4494-84F3-75F31D341001}"
EndProject
Project("{9A19103F-16F7-4668-BE54-9A1E7A4F7556}") = "GenenticAlgorithmBlazor.Client", "Client\GenenticAlgorithmBlazor.Client.csproj", "{CA8A7CD1-ABB8-4DC1-9918-354D62587E5B}"
EndProject
Project("{9A19103F-16F7-4668-BE54-9A1E7A4F7556}") = "GenenticAlgorithmBlazor.Shared", "Shared\GenenticAlgorithmBlazor.Shared.csproj", "{A2AB1798-1346-45CC-AACC-67635900DD80}"
EndProject
Global
	GlobalSection(SolutionConfigurationPlatforms) = preSolution
		Debug|Any CPU = Debug|Any CPU
		Debug|x64 = Debug|x64
		Debug|x86 = Debug|x86
		Release|Any CPU = Release|Any CPU
		Release|x64 = Release|x64
		Release|x86 = Release|x86
	EndGlobalSection
	GlobalSection(ProjectConfigurationPlatforms) = postSolution
		{CA8A7CD1-ABB8-4DC1-9918-354D62587E5B}.Debug|Any CPU.ActiveCfg = Debug|Any CPU
		{CA8A7CD1-ABB8-4DC1-9918-354D62587E5B}.Debug|Any CPU.Build.0 = Debug|Any CPU
		{CA8A7CD1-ABB8-4DC1-9918-354D62587E5B}.Debug|x64.ActiveCfg = Debug|Any CPU
		{CA8A7CD1-ABB8-4DC1-9918-354D62587E5B}.Debug|x64.Build.0 = Debug|Any CPU
		{CA8A7CD1-ABB8-4DC1-9918-354D62587E5B}.Debug|x86.ActiveCfg = Debug|Any CPU
		{CA8A7CD1-ABB8-4DC1-9918-354D62587E5B}.Debug|x86.Build.0 = Debug|Any CPU
		{CA8A7CD1-ABB8-4DC1-9918-354D62587E5B}.Release|Any CPU.ActiveCfg = Release|Any CPU
		{CA8A7CD1-ABB8-4DC1-9918-354D62587E5B}.Release|Any CPU.Build.0 = Release|Any CPU
		{CA8A7CD1-ABB8-4DC1-9918-354D62587E5B}.Release|x64.ActiveCfg = Release|Any CPU
		{CA8A7CD1-ABB8-4DC1-9918-354D62587E5B}.Release|x64.Build.0 = Release|Any CPU
		{CA8A7CD1-ABB8-4DC1-9918-354D62587E5B}.Release|x86.ActiveCfg = Release|Any CPU
		{CA8A7CD1-ABB8-4DC1-9918-354D62587E5B}.Release|x86.Build.0 = Release|Any CPU
		{D88CA360-430F-4494-84F3-75F31D341001}.Debug|Any CPU.ActiveCfg = Debug|Any CPU
		{D88CA360-430F-4494-84F3-75F31D341001}.Debug|Any CPU.Build.0 = Debug|Any CPU
		{D88CA360-430F-4494-84F3-75F31D341001}.Debug|x64.ActiveCfg = Debug|Any CPU
		{D88CA360-430F-4494-84F3-75F31D341001}.Debug|x64.Build.0 = Debug|Any CPU
		{D88CA360-430F-4494-84F3-75F31D341001}.Debug|x86.ActiveCfg = Debug|Any CPU
		{D88CA360-430F-4494-84F3-75F31D341001}.Debug|x86.Build.0 = Debug|Any CPU
		{D88CA360-430F-4494-84F3-75F31D341001}.Release|Any CPU.ActiveCfg = Release|Any CPU
		{D88CA360-430F-4494-84F3-75F31D341001}.Release|Any CPU.Build.0 = Release|Any CPU
		{D88CA360-430F-4494-84F3-75F31D341001}.Release|x64.ActiveCfg = Release|Any CPU
		{D88CA360-430F-4494-84F3-75F31D341001}.Release|x64.Build.0 = Release|Any CPU
		{D88CA360-430F-4494-84F3-75F31D341001}.Release|x86.ActiveCfg = Release|Any CPU
		{D88CA360-430F-4494-84F3-75F31D341001}.Release|x86.Build.0 = Release|Any CPU
		{A2AB1798-1346-45CC-AACC-67635900DD80}.Debug|Any CPU.ActiveCfg = Debug|Any CPU
		{A2AB1798-1346-45CC-AACC-67635900DD80}.Debug|Any CPU.Build.0 = Debug|Any CPU
		{A2AB1798-1346-45CC-AACC-67635900DD80}.Debug|x64.ActiveCfg = Debug|Any CPU
		{A2AB1798-1346-45CC-AACC-67635900DD80}.Debug|x64.Build.0 = Debug|Any CPU
		{A2AB1798-1346-45CC-AACC-67635900DD80}.Debug|x86.ActiveCfg = Debug|Any CPU
		{A2AB1798-1346-45CC-AACC-67635900DD80}.Debug|x86.Build.0 = Debug|Any CPU
		{A2AB1798-1346-45CC-AACC-67635900DD80}.Release|Any CPU.ActiveCfg = Release|Any CPU
		{A2AB1798-1346-45CC-AACC-67635900DD80}.Release|Any CPU.Build.0 = Release|Any CPU
		{A2AB1798-1346-45CC-AACC-67635900DD80}.Release|x64.ActiveCfg = Release|Any CPU
		{A2AB1798-1346-45CC-AACC-67635900DD80}.Release|x64.Build.0 = Release|Any CPU
		{A2AB1798-1346-45CC-AACC-67635900DD80}.Release|x86.ActiveCfg = Release|Any CPU
		{A2AB1798-1346-45CC-AACC-67635900DD80}.Release|x86.Build.0 = Release|Any CPU
	EndGlobalSection
	GlobalSection(SolutionProperties) = preSolution
		HideSolutionNode = FALSE
	EndGlobalSection
	GlobalSection(ExtensibilityGlobals) = postSolution
		SolutionGuid = {EFC5F09A-D11F-4387-A489-C1A1F1415830}
	EndGlobalSection
EndGlobal