
Microsoft Visual Studio Solution File, Format Version 11.00
# Visual Studio 2010
Project("{FAE04EC0-301F-11D3-BF4B-00C04F79EFBC}") = "Assembly-CSharp", "Assembly-CSharp.csproj", "{eceaf01c-0b94-711e-6c5b-547d0bdd815b}"
EndProject
Global
	GlobalSection(SolutionConfigurationPlatforms) = preSolution
		Debug|Any CPU = Debug|Any CPU
		Release|Any CPU = Release|Any CPU
	EndGlobalSection
	GlobalSection(ProjectConfigurationPlatforms) = postSolution
		{eceaf01c-0b94-711e-6c5b-547d0bdd815b}.Debug|Any CPU.ActiveCfg = Debug|Any CPU
		{eceaf01c-0b94-711e-6c5b-547d0bdd815b}.Debug|Any CPU.Build.0 = Debug|Any CPU
		{eceaf01c-0b94-711e-6c5b-547d0bdd815b}.Release|Any CPU.ActiveCfg = Release|Any CPU
		{eceaf01c-0b94-711e-6c5b-547d0bdd815b}.Release|Any CPU.Build.0 = Release|Any CPU
	EndGlobalSection
	GlobalSection(SolutionProperties) = preSolution
		HideSolutionNode = FALSE
	EndGlobalSection
EndGlobal
